// !$*UTF8*$!
{
	archiveVersion = 1;
	classes = {
	};
	objectVersion = 56;
	objects = {

/* Begin PBXBuildFile section */
		DA0D07372BD8410700A2C4FA /* SetPreferredLanguageView.swift in Sources */ = {isa = PBXBuildFile; fileRef = DA0D07362BD8410700A2C4FA /* SetPreferredLanguageView.swift */; };
		DA0D07392BD8410E00A2C4FA /* SetPreferredLanguageView.xib in Resources */ = {isa = PBXBuildFile; fileRef = DA0D07382BD8410E00A2C4FA /* SetPreferredLanguageView.xib */; };
		DA0D073B2BD843B100A2C4FA /* TrackingSizeNSView.swift in Sources */ = {isa = PBXBuildFile; fileRef = DA0D073A2BD843B100A2C4FA /* TrackingSizeNSView.swift */; };
		DA0D073E2BD84D0200A2C4FA /* KeyboardShortcuts in Frameworks */ = {isa = PBXBuildFile; productRef = DA0D073D2BD84D0200A2C4FA /* KeyboardShortcuts */; };
		DA1597CB2BD1966100E0ABDB /* TranslateView.xib in Resources */ = {isa = PBXBuildFile; fileRef = DA1597CA2BD1966100E0ABDB /* TranslateView.xib */; };
		DA1597CD2BD1966A00E0ABDB /* TranslateView.swift in Sources */ = {isa = PBXBuildFile; fileRef = DA1597CC2BD1966A00E0ABDB /* TranslateView.swift */; };
		DA1597D02BD196A000E0ABDB /* BaseView.swift in Sources */ = {isa = PBXBuildFile; fileRef = DA1597CF2BD196A000E0ABDB /* BaseView.swift */; };
		DA1597D32BD199CD00E0ABDB /* Then in Frameworks */ = {isa = PBXBuildFile; productRef = DA1597D22BD199CD00E0ABDB /* Then */; };
		DA1597D72BD19AAE00E0ABDB /* TranslateActionCell.xib in Resources */ = {isa = PBXBuildFile; fileRef = DA1597D62BD19AAE00E0ABDB /* TranslateActionCell.xib */; };
		DA1597D92BD19AB800E0ABDB /* TranslateActionCell.swift in Sources */ = {isa = PBXBuildFile; fileRef = DA1597D82BD19AB800E0ABDB /* TranslateActionCell.swift */; };
		DA1597DC2BD19C9C00E0ABDB /* NSTableView+Ext.swift in Sources */ = {isa = PBXBuildFile; fileRef = DA1597DB2BD19C9C00E0ABDB /* NSTableView+Ext.swift */; };
		DA1597E12BD1AA1500E0ABDB /* LoginView.xib in Resources */ = {isa = PBXBuildFile; fileRef = DA1597E02BD1AA1500E0ABDB /* LoginView.xib */; };
		DA1597E32BD1AA1B00E0ABDB /* LoginView.swift in Sources */ = {isa = PBXBuildFile; fileRef = DA1597E22BD1AA1B00E0ABDB /* LoginView.swift */; };
		DA1597E52BD1B3F600E0ABDB /* BaseButton.swift in Sources */ = {isa = PBXBuildFile; fileRef = DA1597E42BD1B3F600E0ABDB /* BaseButton.swift */; };
		DA1597E82BD1B6CB00E0ABDB /* SwiftyAttributes in Frameworks */ = {isa = PBXBuildFile; productRef = DA1597E72BD1B6CB00E0ABDB /* SwiftyAttributes */; };
		DA21526E2BD051E9003C133F /* AppDelegate.swift in Sources */ = {isa = PBXBuildFile; fileRef = DA21526D2BD051E9003C133F /* AppDelegate.swift */; };
		DA2152702BD051E9003C133F /* ViewController.swift in Sources */ = {isa = PBXBuildFile; fileRef = DA21526F2BD051E9003C133F /* ViewController.swift */; };
		DA2152722BD051EA003C133F /* Assets.xcassets in Resources */ = {isa = PBXBuildFile; fileRef = DA2152712BD051EA003C133F /* Assets.xcassets */; };
		DA2152752BD051EA003C133F /* Base in Resources */ = {isa = PBXBuildFile; fileRef = DA2152742BD051EA003C133F /* Base */; };
		DA2152802BD051EA003C133F /* ios_translateTests.swift in Sources */ = {isa = PBXBuildFile; fileRef = DA21527F2BD051EA003C133F /* ios_translateTests.swift */; };
		DA21528A2BD051EA003C133F /* ios_translateUITests.swift in Sources */ = {isa = PBXBuildFile; fileRef = DA2152892BD051EA003C133F /* ios_translateUITests.swift */; };
		DA21528C2BD051EA003C133F /* ios_translateUITestsLaunchTests.swift in Sources */ = {isa = PBXBuildFile; fileRef = DA21528B2BD051EA003C133F /* ios_translateUITestsLaunchTests.swift */; };
		DA21529A2BD0522E003C133F /* SnapKit in Frameworks */ = {isa = PBXBuildFile; productRef = DA2152992BD0522E003C133F /* SnapKit */; };
		DA21529D2BD0536E003C133F /* LanguageItemCell.xib in Resources */ = {isa = PBXBuildFile; fileRef = DA21529C2BD0536E003C133F /* LanguageItemCell.xib */; };
		DA21529F2BD05377003C133F /* LanguageItemCell.swift in Sources */ = {isa = PBXBuildFile; fileRef = DA21529E2BD05377003C133F /* LanguageItemCell.swift */; };
		DA43201F2BD3656900CF3917 /* Translation.swift in Sources */ = {isa = PBXBuildFile; fileRef = DA43201E2BD3656900CF3917 /* Translation.swift */; };
		DA4610792BD59F4200FBC80E /* String+Ext.swift in Sources */ = {isa = PBXBuildFile; fileRef = DA4610782BD59F4200FBC80E /* String+Ext.swift */; };
		DA4C3E022BD2E7AD00A12784 /* Realm in Frameworks */ = {isa = PBXBuildFile; productRef = DA4C3E012BD2E7AD00A12784 /* Realm */; };
		DA4C3E042BD2E7AD00A12784 /* RealmSwift in Frameworks */ = {isa = PBXBuildFile; productRef = DA4C3E032BD2E7AD00A12784 /* RealmSwift */; };
		DA7A68F12BD22A5B006CE6BF /* BaseSpinIndicator.swift in Sources */ = {isa = PBXBuildFile; fileRef = DA7A68F02BD22A5B006CE6BF /* BaseSpinIndicator.swift */; };
		DA7A68F42BD249BA006CE6BF /* CombineExt in Frameworks */ = {isa = PBXBuildFile; productRef = DA7A68F32BD249BA006CE6BF /* CombineExt */; };
		DA7A68F62BD24A7C006CE6BF /* NSProgressView+Ext.swift in Sources */ = {isa = PBXBuildFile; fileRef = DA7A68F52BD24A7C006CE6BF /* NSProgressView+Ext.swift */; };
		DA7A68F92BD24B06006CE6BF /* Lottie in Frameworks */ = {isa = PBXBuildFile; productRef = DA7A68F82BD24B06006CE6BF /* Lottie */; };
		DA7A69032BD24E82006CE6BF /* anim_spinner.json in Resources */ = {isa = PBXBuildFile; fileRef = DA7A69022BD24E82006CE6BF /* anim_spinner.json */; };
		DA7A69082BD2520D006CE6BF /* Combine+Ext.swift in Sources */ = {isa = PBXBuildFile; fileRef = DA7A69072BD2520D006CE6BF /* Combine+Ext.swift */; };
		DA7A690B2BD25831006CE6BF /* MainTranslateView.swift in Sources */ = {isa = PBXBuildFile; fileRef = DA7A690A2BD25831006CE6BF /* MainTranslateView.swift */; };
		DA7A690D2BD25844006CE6BF /* MainTranslateView.xib in Resources */ = {isa = PBXBuildFile; fileRef = DA7A690C2BD25844006CE6BF /* MainTranslateView.xib */; };
		DA7A690F2BD25ABB006CE6BF /* NSViewController+Ext.swift in Sources */ = {isa = PBXBuildFile; fileRef = DA7A690E2BD25ABB006CE6BF /* NSViewController+Ext.swift */; };
		DA7A69142BD26910006CE6BF /* Language.swift in Sources */ = {isa = PBXBuildFile; fileRef = DA7A69132BD26910006CE6BF /* Language.swift */; };
		DA7A69172BD269A7006CE6BF /* MainTranslateListLanguageView.swift in Sources */ = {isa = PBXBuildFile; fileRef = DA7A69162BD269A7006CE6BF /* MainTranslateListLanguageView.swift */; };
		DA7A69192BD269BF006CE6BF /* MainTranslateListLanguageView.xib in Resources */ = {isa = PBXBuildFile; fileRef = DA7A69182BD269BF006CE6BF /* MainTranslateListLanguageView.xib */; };
		DA7A691B2BD26A1B006CE6BF /* MainTranslateListLanguageCell.xib in Resources */ = {isa = PBXBuildFile; fileRef = DA7A691A2BD26A1B006CE6BF /* MainTranslateListLanguageCell.xib */; };
		DA7A691D2BD26A20006CE6BF /* MainTranslateListLanguageCell.swift in Sources */ = {isa = PBXBuildFile; fileRef = DA7A691C2BD26A20006CE6BF /* MainTranslateListLanguageCell.swift */; };
		DA7A691F2BD26BCA006CE6BF /* NSView+Ext.swift in Sources */ = {isa = PBXBuildFile; fileRef = DA7A691E2BD26BCA006CE6BF /* NSView+Ext.swift */; };
		DA7A69222BD26FFA006CE6BF /* Alamofire in Frameworks */ = {isa = PBXBuildFile; productRef = DA7A69212BD26FFA006CE6BF /* Alamofire */; };
		DA7A69242BD27002006CE6BF /* APIRouter.swift in Sources */ = {isa = PBXBuildFile; fileRef = DA7A69232BD27002006CE6BF /* APIRouter.swift */; };
		DA7A69272BD2705F006CE6BF /* PromiseKit in Frameworks */ = {isa = PBXBuildFile; productRef = DA7A69262BD2705F006CE6BF /* PromiseKit */; };
		DA7A69292BD27083006CE6BF /* BaseError.swift in Sources */ = {isa = PBXBuildFile; fileRef = DA7A69282BD27083006CE6BF /* BaseError.swift */; };
		DA7A692B2BD270A7006CE6BF /* AuthAPIRouter.swift in Sources */ = {isa = PBXBuildFile; fileRef = DA7A692A2BD270A7006CE6BF /* AuthAPIRouter.swift */; };
		DA7A692D2BD275B7006CE6BF /* User.swift in Sources */ = {isa = PBXBuildFile; fileRef = DA7A692C2BD275B7006CE6BF /* User.swift */; };
		DA7A69302BD276B1006CE6BF /* EasyCodable in Frameworks */ = {isa = PBXBuildFile; productRef = DA7A692F2BD276B1006CE6BF /* EasyCodable */; };
		DA7A69322BD27713006CE6BF /* UserDefault+Ext.swift in Sources */ = {isa = PBXBuildFile; fileRef = DA7A69312BD27713006CE6BF /* UserDefault+Ext.swift */; };
		DA7A69342BD2791E006CE6BF /* UserApplication.swift in Sources */ = {isa = PBXBuildFile; fileRef = DA7A69332BD2791E006CE6BF /* UserApplication.swift */; };
		DA7A69372BD27FA3006CE6BF /* AppDataManager.swift in Sources */ = {isa = PBXBuildFile; fileRef = DA7A69362BD27FA3006CE6BF /* AppDataManager.swift */; };
		DABFE57E2BD6AFD800A878B4 /* EditLanguageItemView.swift in Sources */ = {isa = PBXBuildFile; fileRef = DABFE57D2BD6AFD800A878B4 /* EditLanguageItemView.swift */; };
		DABFE5802BD6B1C300A878B4 /* EditLanguageItemView.xib in Resources */ = {isa = PBXBuildFile; fileRef = DABFE57F2BD6B1C300A878B4 /* EditLanguageItemView.xib */; };
		DABFE5832BD6B2DD00A878B4 /* Popupable.swift in Sources */ = {isa = PBXBuildFile; fileRef = DABFE5822BD6B2DD00A878B4 /* Popupable.swift */; };
		DABFE5852BD6B2EC00A878B4 /* AlphaBackgroundButton.swift in Sources */ = {isa = PBXBuildFile; fileRef = DABFE5842BD6B2EC00A878B4 /* AlphaBackgroundButton.swift */; };
		DABFE5882BD6E85700A878B4 /* AddViewKeyView.swift in Sources */ = {isa = PBXBuildFile; fileRef = DABFE5872BD6E85700A878B4 /* AddViewKeyView.swift */; };
		DABFE58A2BD6E85D00A878B4 /* AddViewKeyView.xib in Resources */ = {isa = PBXBuildFile; fileRef = DABFE5892BD6E85D00A878B4 /* AddViewKeyView.xib */; };
		DABFE58D2BD6EA9D00A878B4 /* Utils.swift in Sources */ = {isa = PBXBuildFile; fileRef = DABFE58C2BD6EA9D00A878B4 /* Utils.swift */; };
		DABFE58F2BD6EDA100A878B4 /* TranslateAPIRouter.swift in Sources */ = {isa = PBXBuildFile; fileRef = DABFE58E2BD6EDA100A878B4 /* TranslateAPIRouter.swift */; };
		DABFE5912BD6EF1500A878B4 /* Array+Ext.swift in Sources */ = {isa = PBXBuildFile; fileRef = DABFE5902BD6EF1500A878B4 /* Array+Ext.swift */; };
		DAC7F32A2BD600CC00132C60 /* AddMoreLanguageButton.swift in Sources */ = {isa = PBXBuildFile; fileRef = DAC7F3292BD600CC00132C60 /* AddMoreLanguageButton.swift */; };
		DAC7F32C2BD668C900132C60 /* PopupProgressWindow.swift in Sources */ = {isa = PBXBuildFile; fileRef = DAC7F32B2BD668C900132C60 /* PopupProgressWindow.swift */; };
		DAC7F32F2BD6727100132C60 /* ProgressView.xib in Resources */ = {isa = PBXBuildFile; fileRef = DAC7F32E2BD6727100132C60 /* ProgressView.xib */; };
		DAC7F3312BD6727F00132C60 /* ProgressView.swift in Sources */ = {isa = PBXBuildFile; fileRef = DAC7F3302BD6727F00132C60 /* ProgressView.swift */; };
		DACC9D5C2BD75B75005E4678 /* PreviewTranslateView.swift in Sources */ = {isa = PBXBuildFile; fileRef = DACC9D5B2BD75B75005E4678 /* PreviewTranslateView.swift */; };
		DACC9D5E2BD75B84005E4678 /* PreviewTranslateView.xib in Resources */ = {isa = PBXBuildFile; fileRef = DACC9D5D2BD75B84005E4678 /* PreviewTranslateView.xib */; };
		DACC9D602BD75BBC005E4678 /* PopupHelper.swift in Sources */ = {isa = PBXBuildFile; fileRef = DACC9D5F2BD75BBC005E4678 /* PopupHelper.swift */; };
		DACC9D622BD775A3005E4678 /* ExportUtils.swift in Sources */ = {isa = PBXBuildFile; fileRef = DACC9D612BD775A3005E4678 /* ExportUtils.swift */; };
		DACC9D652BD783E3005E4678 /* Zip in Frameworks */ = {isa = PBXBuildFile; productRef = DACC9D642BD783E3005E4678 /* Zip */; };
		DACC9D672BD79DBB005E4678 /* ImportUtils.swift in Sources */ = {isa = PBXBuildFile; fileRef = DACC9D662BD79DBB005E4678 /* ImportUtils.swift */; };
		DACC9D692BD7A147005E4678 /* StringCatalogModel.swift in Sources */ = {isa = PBXBuildFile; fileRef = DACC9D682BD7A147005E4678 /* StringCatalogModel.swift */; };
		DAEDA0982BD5973100CB576D /* NSAttributed+Ext.swift in Sources */ = {isa = PBXBuildFile; fileRef = DAEDA0972BD5973100CB576D /* NSAttributed+Ext.swift */; };
/* End PBXBuildFile section */

/* Begin PBXContainerItemProxy section */
		DA21527C2BD051EA003C133F /* PBXContainerItemProxy */ = {
			isa = PBXContainerItemProxy;
			containerPortal = DA2152622BD051E9003C133F /* Project object */;
			proxyType = 1;
			remoteGlobalIDString = DA2152692BD051E9003C133F;
			remoteInfo = ios_translate;
		};
		DA2152862BD051EA003C133F /* PBXContainerItemProxy */ = {
			isa = PBXContainerItemProxy;
			containerPortal = DA2152622BD051E9003C133F /* Project object */;
			proxyType = 1;
			remoteGlobalIDString = DA2152692BD051E9003C133F;
			remoteInfo = ios_translate;
		};
/* End PBXContainerItemProxy section */

/* Begin PBXFileReference section */
		DA0D07362BD8410700A2C4FA /* SetPreferredLanguageView.swift */ = {isa = PBXFileReference; lastKnownFileType = sourcecode.swift; path = SetPreferredLanguageView.swift; sourceTree = "<group>"; };
		DA0D07382BD8410E00A2C4FA /* SetPreferredLanguageView.xib */ = {isa = PBXFileReference; lastKnownFileType = file.xib; path = SetPreferredLanguageView.xib; sourceTree = "<group>"; };
		DA0D073A2BD843B100A2C4FA /* TrackingSizeNSView.swift */ = {isa = PBXFileReference; lastKnownFileType = sourcecode.swift; path = TrackingSizeNSView.swift; sourceTree = "<group>"; };
		DA1597CA2BD1966100E0ABDB /* TranslateView.xib */ = {isa = PBXFileReference; lastKnownFileType = file.xib; path = TranslateView.xib; sourceTree = "<group>"; };
		DA1597CC2BD1966A00E0ABDB /* TranslateView.swift */ = {isa = PBXFileReference; lastKnownFileType = sourcecode.swift; path = TranslateView.swift; sourceTree = "<group>"; };
		DA1597CF2BD196A000E0ABDB /* BaseView.swift */ = {isa = PBXFileReference; lastKnownFileType = sourcecode.swift; path = BaseView.swift; sourceTree = "<group>"; };
		DA1597D62BD19AAE00E0ABDB /* TranslateActionCell.xib */ = {isa = PBXFileReference; lastKnownFileType = file.xib; path = TranslateActionCell.xib; sourceTree = "<group>"; };
		DA1597D82BD19AB800E0ABDB /* TranslateActionCell.swift */ = {isa = PBXFileReference; lastKnownFileType = sourcecode.swift; path = TranslateActionCell.swift; sourceTree = "<group>"; };
		DA1597DB2BD19C9C00E0ABDB /* NSTableView+Ext.swift */ = {isa = PBXFileReference; lastKnownFileType = sourcecode.swift; path = "NSTableView+Ext.swift"; sourceTree = "<group>"; };
		DA1597E02BD1AA1500E0ABDB /* LoginView.xib */ = {isa = PBXFileReference; lastKnownFileType = file.xib; path = LoginView.xib; sourceTree = "<group>"; };
		DA1597E22BD1AA1B00E0ABDB /* LoginView.swift */ = {isa = PBXFileReference; lastKnownFileType = sourcecode.swift; path = LoginView.swift; sourceTree = "<group>"; };
		DA1597E42BD1B3F600E0ABDB /* BaseButton.swift */ = {isa = PBXFileReference; lastKnownFileType = sourcecode.swift; path = BaseButton.swift; sourceTree = "<group>"; };
		DA21526A2BD051E9003C133F /* ios_translate.app */ = {isa = PBXFileReference; explicitFileType = wrapper.application; includeInIndex = 0; path = ios_translate.app; sourceTree = BUILT_PRODUCTS_DIR; };
		DA21526D2BD051E9003C133F /* AppDelegate.swift */ = {isa = PBXFileReference; lastKnownFileType = sourcecode.swift; path = AppDelegate.swift; sourceTree = "<group>"; };
		DA21526F2BD051E9003C133F /* ViewController.swift */ = {isa = PBXFileReference; lastKnownFileType = sourcecode.swift; path = ViewController.swift; sourceTree = "<group>"; };
		DA2152712BD051EA003C133F /* Assets.xcassets */ = {isa = PBXFileReference; lastKnownFileType = folder.assetcatalog; path = Assets.xcassets; sourceTree = "<group>"; };
		DA2152742BD051EA003C133F /* Base */ = {isa = PBXFileReference; lastKnownFileType = file.storyboard; name = Base; path = Base.lproj/Main.storyboard; sourceTree = "<group>"; };
		DA2152762BD051EA003C133F /* ios_translate.entitlements */ = {isa = PBXFileReference; lastKnownFileType = text.plist.entitlements; path = ios_translate.entitlements; sourceTree = "<group>"; };
		DA21527B2BD051EA003C133F /* ios_translateTests.xctest */ = {isa = PBXFileReference; explicitFileType = wrapper.cfbundle; includeInIndex = 0; path = ios_translateTests.xctest; sourceTree = BUILT_PRODUCTS_DIR; };
		DA21527F2BD051EA003C133F /* ios_translateTests.swift */ = {isa = PBXFileReference; lastKnownFileType = sourcecode.swift; path = ios_translateTests.swift; sourceTree = "<group>"; };
		DA2152852BD051EA003C133F /* ios_translateUITests.xctest */ = {isa = PBXFileReference; explicitFileType = wrapper.cfbundle; includeInIndex = 0; path = ios_translateUITests.xctest; sourceTree = BUILT_PRODUCTS_DIR; };
		DA2152892BD051EA003C133F /* ios_translateUITests.swift */ = {isa = PBXFileReference; lastKnownFileType = sourcecode.swift; path = ios_translateUITests.swift; sourceTree = "<group>"; };
		DA21528B2BD051EA003C133F /* ios_translateUITestsLaunchTests.swift */ = {isa = PBXFileReference; lastKnownFileType = sourcecode.swift; path = ios_translateUITestsLaunchTests.swift; sourceTree = "<group>"; };
		DA21529C2BD0536E003C133F /* LanguageItemCell.xib */ = {isa = PBXFileReference; lastKnownFileType = file.xib; path = LanguageItemCell.xib; sourceTree = "<group>"; };
		DA21529E2BD05377003C133F /* LanguageItemCell.swift */ = {isa = PBXFileReference; lastKnownFileType = sourcecode.swift; path = LanguageItemCell.swift; sourceTree = "<group>"; };
		DA43201E2BD3656900CF3917 /* Translation.swift */ = {isa = PBXFileReference; lastKnownFileType = sourcecode.swift; path = Translation.swift; sourceTree = "<group>"; };
		DA4610782BD59F4200FBC80E /* String+Ext.swift */ = {isa = PBXFileReference; lastKnownFileType = sourcecode.swift; path = "String+Ext.swift"; sourceTree = "<group>"; };
		DA7A68F02BD22A5B006CE6BF /* BaseSpinIndicator.swift */ = {isa = PBXFileReference; lastKnownFileType = sourcecode.swift; path = BaseSpinIndicator.swift; sourceTree = "<group>"; };
		DA7A68F52BD24A7C006CE6BF /* NSProgressView+Ext.swift */ = {isa = PBXFileReference; lastKnownFileType = sourcecode.swift; path = "NSProgressView+Ext.swift"; sourceTree = "<group>"; };
		DA7A69022BD24E82006CE6BF /* anim_spinner.json */ = {isa = PBXFileReference; fileEncoding = 4; lastKnownFileType = text.json; path = anim_spinner.json; sourceTree = "<group>"; };
		DA7A69072BD2520D006CE6BF /* Combine+Ext.swift */ = {isa = PBXFileReference; lastKnownFileType = sourcecode.swift; path = "Combine+Ext.swift"; sourceTree = "<group>"; };
		DA7A690A2BD25831006CE6BF /* MainTranslateView.swift */ = {isa = PBXFileReference; lastKnownFileType = sourcecode.swift; path = MainTranslateView.swift; sourceTree = "<group>"; };
		DA7A690C2BD25844006CE6BF /* MainTranslateView.xib */ = {isa = PBXFileReference; lastKnownFileType = file.xib; path = MainTranslateView.xib; sourceTree = "<group>"; };
		DA7A690E2BD25ABB006CE6BF /* NSViewController+Ext.swift */ = {isa = PBXFileReference; lastKnownFileType = sourcecode.swift; path = "NSViewController+Ext.swift"; sourceTree = "<group>"; };
		DA7A69132BD26910006CE6BF /* Language.swift */ = {isa = PBXFileReference; lastKnownFileType = sourcecode.swift; path = Language.swift; sourceTree = "<group>"; };
		DA7A69162BD269A7006CE6BF /* MainTranslateListLanguageView.swift */ = {isa = PBXFileReference; lastKnownFileType = sourcecode.swift; path = MainTranslateListLanguageView.swift; sourceTree = "<group>"; };
		DA7A69182BD269BF006CE6BF /* MainTranslateListLanguageView.xib */ = {isa = PBXFileReference; lastKnownFileType = file.xib; path = MainTranslateListLanguageView.xib; sourceTree = "<group>"; };
		DA7A691A2BD26A1B006CE6BF /* MainTranslateListLanguageCell.xib */ = {isa = PBXFileReference; lastKnownFileType = file.xib; path = MainTranslateListLanguageCell.xib; sourceTree = "<group>"; };
		DA7A691C2BD26A20006CE6BF /* MainTranslateListLanguageCell.swift */ = {isa = PBXFileReference; lastKnownFileType = sourcecode.swift; path = MainTranslateListLanguageCell.swift; sourceTree = "<group>"; };
		DA7A691E2BD26BCA006CE6BF /* NSView+Ext.swift */ = {isa = PBXFileReference; lastKnownFileType = sourcecode.swift; path = "NSView+Ext.swift"; sourceTree = "<group>"; };
		DA7A69232BD27002006CE6BF /* APIRouter.swift */ = {isa = PBXFileReference; lastKnownFileType = sourcecode.swift; path = APIRouter.swift; sourceTree = "<group>"; };
		DA7A69282BD27083006CE6BF /* BaseError.swift */ = {isa = PBXFileReference; lastKnownFileType = sourcecode.swift; path = BaseError.swift; sourceTree = "<group>"; };
		DA7A692A2BD270A7006CE6BF /* AuthAPIRouter.swift */ = {isa = PBXFileReference; lastKnownFileType = sourcecode.swift; path = AuthAPIRouter.swift; sourceTree = "<group>"; };
		DA7A692C2BD275B7006CE6BF /* User.swift */ = {isa = PBXFileReference; lastKnownFileType = sourcecode.swift; path = User.swift; sourceTree = "<group>"; };
		DA7A69312BD27713006CE6BF /* UserDefault+Ext.swift */ = {isa = PBXFileReference; lastKnownFileType = sourcecode.swift; path = "UserDefault+Ext.swift"; sourceTree = "<group>"; };
		DA7A69332BD2791E006CE6BF /* UserApplication.swift */ = {isa = PBXFileReference; lastKnownFileType = sourcecode.swift; path = UserApplication.swift; sourceTree = "<group>"; };
		DA7A69362BD27FA3006CE6BF /* AppDataManager.swift */ = {isa = PBXFileReference; lastKnownFileType = sourcecode.swift; path = AppDataManager.swift; sourceTree = "<group>"; };
		DABFE57D2BD6AFD800A878B4 /* EditLanguageItemView.swift */ = {isa = PBXFileReference; lastKnownFileType = sourcecode.swift; path = EditLanguageItemView.swift; sourceTree = "<group>"; };
		DABFE57F2BD6B1C300A878B4 /* EditLanguageItemView.xib */ = {isa = PBXFileReference; lastKnownFileType = file.xib; path = EditLanguageItemView.xib; sourceTree = "<group>"; };
		DABFE5822BD6B2DD00A878B4 /* Popupable.swift */ = {isa = PBXFileReference; lastKnownFileType = sourcecode.swift; path = Popupable.swift; sourceTree = "<group>"; };
		DABFE5842BD6B2EC00A878B4 /* AlphaBackgroundButton.swift */ = {isa = PBXFileReference; lastKnownFileType = sourcecode.swift; path = AlphaBackgroundButton.swift; sourceTree = "<group>"; };
		DABFE5872BD6E85700A878B4 /* AddViewKeyView.swift */ = {isa = PBXFileReference; lastKnownFileType = sourcecode.swift; path = AddViewKeyView.swift; sourceTree = "<group>"; };
		DABFE5892BD6E85D00A878B4 /* AddViewKeyView.xib */ = {isa = PBXFileReference; lastKnownFileType = file.xib; path = AddViewKeyView.xib; sourceTree = "<group>"; };
		DABFE58C2BD6EA9D00A878B4 /* Utils.swift */ = {isa = PBXFileReference; lastKnownFileType = sourcecode.swift; path = Utils.swift; sourceTree = "<group>"; };
		DABFE58E2BD6EDA100A878B4 /* TranslateAPIRouter.swift */ = {isa = PBXFileReference; lastKnownFileType = sourcecode.swift; path = TranslateAPIRouter.swift; sourceTree = "<group>"; };
		DABFE5902BD6EF1500A878B4 /* Array+Ext.swift */ = {isa = PBXFileReference; lastKnownFileType = sourcecode.swift; path = "Array+Ext.swift"; sourceTree = "<group>"; };
		DAC7F3292BD600CC00132C60 /* AddMoreLanguageButton.swift */ = {isa = PBXFileReference; lastKnownFileType = sourcecode.swift; path = AddMoreLanguageButton.swift; sourceTree = "<group>"; };
		DAC7F32B2BD668C900132C60 /* PopupProgressWindow.swift */ = {isa = PBXFileReference; lastKnownFileType = sourcecode.swift; path = PopupProgressWindow.swift; sourceTree = "<group>"; };
		DAC7F32E2BD6727100132C60 /* ProgressView.xib */ = {isa = PBXFileReference; lastKnownFileType = file.xib; path = ProgressView.xib; sourceTree = "<group>"; };
		DAC7F3302BD6727F00132C60 /* ProgressView.swift */ = {isa = PBXFileReference; lastKnownFileType = sourcecode.swift; path = ProgressView.swift; sourceTree = "<group>"; };
		DACC9D5B2BD75B75005E4678 /* PreviewTranslateView.swift */ = {isa = PBXFileReference; lastKnownFileType = sourcecode.swift; path = PreviewTranslateView.swift; sourceTree = "<group>"; };
		DACC9D5D2BD75B84005E4678 /* PreviewTranslateView.xib */ = {isa = PBXFileReference; lastKnownFileType = file.xib; path = PreviewTranslateView.xib; sourceTree = "<group>"; };
		DACC9D5F2BD75BBC005E4678 /* PopupHelper.swift */ = {isa = PBXFileReference; lastKnownFileType = sourcecode.swift; path = PopupHelper.swift; sourceTree = "<group>"; };
		DACC9D612BD775A3005E4678 /* ExportUtils.swift */ = {isa = PBXFileReference; lastKnownFileType = sourcecode.swift; path = ExportUtils.swift; sourceTree = "<group>"; };
		DACC9D662BD79DBB005E4678 /* ImportUtils.swift */ = {isa = PBXFileReference; lastKnownFileType = sourcecode.swift; path = ImportUtils.swift; sourceTree = "<group>"; };
		DACC9D682BD7A147005E4678 /* StringCatalogModel.swift */ = {isa = PBXFileReference; lastKnownFileType = sourcecode.swift; path = StringCatalogModel.swift; sourceTree = "<group>"; };
		DAEDA0972BD5973100CB576D /* NSAttributed+Ext.swift */ = {isa = PBXFileReference; lastKnownFileType = sourcecode.swift; path = "NSAttributed+Ext.swift"; sourceTree = "<group>"; };
/* End PBXFileReference section */

/* Begin PBXFrameworksBuildPhase section */
		DA2152672BD051E9003C133F /* Frameworks */ = {
			isa = PBXFrameworksBuildPhase;
			buildActionMask = 2147483647;
			files = (
				DA7A68F92BD24B06006CE6BF /* Lottie in Frameworks */,
				DA7A68F42BD249BA006CE6BF /* CombineExt in Frameworks */,
				DA21529A2BD0522E003C133F /* SnapKit in Frameworks */,
				DA7A69222BD26FFA006CE6BF /* Alamofire in Frameworks */,
				DA1597D32BD199CD00E0ABDB /* Then in Frameworks */,
				DA0D073E2BD84D0200A2C4FA /* KeyboardShortcuts in Frameworks */,
				DA7A69272BD2705F006CE6BF /* PromiseKit in Frameworks */,
				DACC9D652BD783E3005E4678 /* Zip in Frameworks */,
				DA4C3E022BD2E7AD00A12784 /* Realm in Frameworks */,
				DA1597E82BD1B6CB00E0ABDB /* SwiftyAttributes in Frameworks */,
				DA4C3E042BD2E7AD00A12784 /* RealmSwift in Frameworks */,
				DA7A69302BD276B1006CE6BF /* EasyCodable in Frameworks */,
			);
			runOnlyForDeploymentPostprocessing = 0;
		};
		DA2152782BD051EA003C133F /* Frameworks */ = {
			isa = PBXFrameworksBuildPhase;
			buildActionMask = 2147483647;
			files = (
			);
			runOnlyForDeploymentPostprocessing = 0;
		};
		DA2152822BD051EA003C133F /* Frameworks */ = {
			isa = PBXFrameworksBuildPhase;
			buildActionMask = 2147483647;
			files = (
			);
			runOnlyForDeploymentPostprocessing = 0;
		};
/* End PBXFrameworksBuildPhase section */

/* Begin PBXGroup section */
		DA0D07352BD840F000A2C4FA /* SetPreferredLanguage */ = {
			isa = PBXGroup;
			children = (
				DA0D07362BD8410700A2C4FA /* SetPreferredLanguageView.swift */,
				DA0D07382BD8410E00A2C4FA /* SetPreferredLanguageView.xib */,
			);
			path = SetPreferredLanguage;
			sourceTree = "<group>";
		};
		DA1597C92BD1963E00E0ABDB /* Screens */ = {
			isa = PBXGroup;
			children = (
				DA7A69092BD25825006CE6BF /* MainView */,
				DA1597DD2BD1A9EE00E0ABDB /* LoginView */,
				DA1597D42BD19A9300E0ABDB /* TranslateView */,
			);
			path = Screens;
			sourceTree = "<group>";
		};
		DA1597CE2BD1969900E0ABDB /* Bases */ = {
			isa = PBXGroup;
			children = (
				DA1597CF2BD196A000E0ABDB /* BaseView.swift */,
				DA1597E42BD1B3F600E0ABDB /* BaseButton.swift */,
				DA7A68F02BD22A5B006CE6BF /* BaseSpinIndicator.swift */,
				DA7A69232BD27002006CE6BF /* APIRouter.swift */,
				DA7A69282BD27083006CE6BF /* BaseError.swift */,
				DA7A692A2BD270A7006CE6BF /* AuthAPIRouter.swift */,
				DABFE58E2BD6EDA100A878B4 /* TranslateAPIRouter.swift */,
			);
			path = Bases;
			sourceTree = "<group>";
		};
		DA1597D42BD19A9300E0ABDB /* TranslateView */ = {
			isa = PBXGroup;
			children = (
				DA1597D52BD19A9B00E0ABDB /* cells */,
				DA1597CA2BD1966100E0ABDB /* TranslateView.xib */,
				DA1597CC2BD1966A00E0ABDB /* TranslateView.swift */,
			);
			path = TranslateView;
			sourceTree = "<group>";
		};
		DA1597D52BD19A9B00E0ABDB /* cells */ = {
			isa = PBXGroup;
			children = (
				DA1597D62BD19AAE00E0ABDB /* TranslateActionCell.xib */,
				DA1597D82BD19AB800E0ABDB /* TranslateActionCell.swift */,
			);
			path = cells;
			sourceTree = "<group>";
		};
		DA1597DA2BD19C9300E0ABDB /* Extensions */ = {
			isa = PBXGroup;
			children = (
				DA1597DB2BD19C9C00E0ABDB /* NSTableView+Ext.swift */,
				DA7A68F52BD24A7C006CE6BF /* NSProgressView+Ext.swift */,
				DA7A69072BD2520D006CE6BF /* Combine+Ext.swift */,
				DA7A690E2BD25ABB006CE6BF /* NSViewController+Ext.swift */,
				DA7A691E2BD26BCA006CE6BF /* NSView+Ext.swift */,
				DA7A69312BD27713006CE6BF /* UserDefault+Ext.swift */,
				DAEDA0972BD5973100CB576D /* NSAttributed+Ext.swift */,
				DA4610782BD59F4200FBC80E /* String+Ext.swift */,
				DABFE5902BD6EF1500A878B4 /* Array+Ext.swift */,
			);
			path = Extensions;
			sourceTree = "<group>";
		};
		DA1597DD2BD1A9EE00E0ABDB /* LoginView */ = {
			isa = PBXGroup;
			children = (
				DA1597E02BD1AA1500E0ABDB /* LoginView.xib */,
				DA1597E22BD1AA1B00E0ABDB /* LoginView.swift */,
			);
			path = LoginView;
			sourceTree = "<group>";
		};
		DA2152612BD051E9003C133F = {
			isa = PBXGroup;
			children = (
				DA21526C2BD051E9003C133F /* ios_translate */,
				DA21527E2BD051EA003C133F /* ios_translateTests */,
				DA2152882BD051EA003C133F /* ios_translateUITests */,
				DA21526B2BD051E9003C133F /* Products */,
			);
			sourceTree = "<group>";
		};
		DA21526B2BD051E9003C133F /* Products */ = {
			isa = PBXGroup;
			children = (
				DA21526A2BD051E9003C133F /* ios_translate.app */,
				DA21527B2BD051EA003C133F /* ios_translateTests.xctest */,
				DA2152852BD051EA003C133F /* ios_translateUITests.xctest */,
			);
			name = Products;
			sourceTree = "<group>";
		};
		DA21526C2BD051E9003C133F /* ios_translate */ = {
			isa = PBXGroup;
			children = (
				DABFE58B2BD6EA8F00A878B4 /* Utils */,
				DAC7F3282BD600BE00132C60 /* Components */,
				DA7A69352BD27F95006CE6BF /* Manager */,
				DA7A69122BD26901006CE6BF /* Models */,
				DA7A68FB2BD24C02006CE6BF /* Anim */,
				DA1597DA2BD19C9300E0ABDB /* Extensions */,
				DA1597CE2BD1969900E0ABDB /* Bases */,
				DA1597C92BD1963E00E0ABDB /* Screens */,
				DA21529B2BD0532C003C133F /* Main */,
				DA21526D2BD051E9003C133F /* AppDelegate.swift */,
				DA21526F2BD051E9003C133F /* ViewController.swift */,
				DA2152712BD051EA003C133F /* Assets.xcassets */,
				DA2152732BD051EA003C133F /* Main.storyboard */,
				DA2152762BD051EA003C133F /* ios_translate.entitlements */,
			);
			path = ios_translate;
			sourceTree = "<group>";
		};
		DA21527E2BD051EA003C133F /* ios_translateTests */ = {
			isa = PBXGroup;
			children = (
				DA21527F2BD051EA003C133F /* ios_translateTests.swift */,
			);
			path = ios_translateTests;
			sourceTree = "<group>";
		};
		DA2152882BD051EA003C133F /* ios_translateUITests */ = {
			isa = PBXGroup;
			children = (
				DA2152892BD051EA003C133F /* ios_translateUITests.swift */,
				DA21528B2BD051EA003C133F /* ios_translateUITestsLaunchTests.swift */,
			);
			path = ios_translateUITests;
			sourceTree = "<group>";
		};
		DA21529B2BD0532C003C133F /* Main */ = {
			isa = PBXGroup;
			children = (
				DA21529C2BD0536E003C133F /* LanguageItemCell.xib */,
				DA21529E2BD05377003C133F /* LanguageItemCell.swift */,
			);
			path = Main;
			sourceTree = "<group>";
		};
		DA7A68FB2BD24C02006CE6BF /* Anim */ = {
			isa = PBXGroup;
			children = (
				DA7A69022BD24E82006CE6BF /* anim_spinner.json */,
			);
			path = Anim;
			sourceTree = "<group>";
		};
		DA7A69092BD25825006CE6BF /* MainView */ = {
			isa = PBXGroup;
			children = (
				DA7A69152BD26991006CE6BF /* Subs */,
				DA7A690A2BD25831006CE6BF /* MainTranslateView.swift */,
				DA7A690C2BD25844006CE6BF /* MainTranslateView.xib */,
			);
			path = MainView;
			sourceTree = "<group>";
		};
		DA7A69122BD26901006CE6BF /* Models */ = {
			isa = PBXGroup;
			children = (
				DA7A69132BD26910006CE6BF /* Language.swift */,
				DA7A692C2BD275B7006CE6BF /* User.swift */,
				DA7A69332BD2791E006CE6BF /* UserApplication.swift */,
				DA43201E2BD3656900CF3917 /* Translation.swift */,
				DACC9D682BD7A147005E4678 /* StringCatalogModel.swift */,
			);
			path = Models;
			sourceTree = "<group>";
		};
		DA7A69152BD26991006CE6BF /* Subs */ = {
			isa = PBXGroup;
			children = (
				DA7A69162BD269A7006CE6BF /* MainTranslateListLanguageView.swift */,
				DA7A69182BD269BF006CE6BF /* MainTranslateListLanguageView.xib */,
				DA7A691A2BD26A1B006CE6BF /* MainTranslateListLanguageCell.xib */,
				DA7A691C2BD26A20006CE6BF /* MainTranslateListLanguageCell.swift */,
			);
			path = Subs;
			sourceTree = "<group>";
		};
		DA7A69352BD27F95006CE6BF /* Manager */ = {
			isa = PBXGroup;
			children = (
				DA7A69362BD27FA3006CE6BF /* AppDataManager.swift */,
			);
			path = Manager;
			sourceTree = "<group>";
		};
		DABFE57C2BD6AFAA00A878B4 /* EditView */ = {
			isa = PBXGroup;
			children = (
				DABFE57D2BD6AFD800A878B4 /* EditLanguageItemView.swift */,
				DABFE57F2BD6B1C300A878B4 /* EditLanguageItemView.xib */,
			);
			path = EditView;
			sourceTree = "<group>";
		};
		DABFE5812BD6B2CF00A878B4 /* Popup */ = {
			isa = PBXGroup;
			children = (
				DA0D07352BD840F000A2C4FA /* SetPreferredLanguage */,
				DACC9D5A2BD75B5C005E4678 /* Preview */,
				DABFE5862BD6E84100A878B4 /* AddNewKey */,
				DABFE57C2BD6AFAA00A878B4 /* EditView */,
				DAC7F32D2BD6725D00132C60 /* ProgressView */,
				DABFE5822BD6B2DD00A878B4 /* Popupable.swift */,
				DABFE5842BD6B2EC00A878B4 /* AlphaBackgroundButton.swift */,
				DACC9D5F2BD75BBC005E4678 /* PopupHelper.swift */,
			);
			path = Popup;
			sourceTree = "<group>";
		};
		DABFE5862BD6E84100A878B4 /* AddNewKey */ = {
			isa = PBXGroup;
			children = (
				DABFE5872BD6E85700A878B4 /* AddViewKeyView.swift */,
				DABFE5892BD6E85D00A878B4 /* AddViewKeyView.xib */,
			);
			path = AddNewKey;
			sourceTree = "<group>";
		};
		DABFE58B2BD6EA8F00A878B4 /* Utils */ = {
			isa = PBXGroup;
			children = (
				DABFE58C2BD6EA9D00A878B4 /* Utils.swift */,
				DACC9D612BD775A3005E4678 /* ExportUtils.swift */,
				DACC9D662BD79DBB005E4678 /* ImportUtils.swift */,
			);
			path = Utils;
			sourceTree = "<group>";
		};
		DAC7F3282BD600BE00132C60 /* Components */ = {
			isa = PBXGroup;
			children = (
				DABFE5812BD6B2CF00A878B4 /* Popup */,
				DAC7F3292BD600CC00132C60 /* AddMoreLanguageButton.swift */,
				DAC7F32B2BD668C900132C60 /* PopupProgressWindow.swift */,
				DA0D073A2BD843B100A2C4FA /* TrackingSizeNSView.swift */,
			);
			path = Components;
			sourceTree = "<group>";
		};
		DAC7F32D2BD6725D00132C60 /* ProgressView */ = {
			isa = PBXGroup;
			children = (
				DAC7F32E2BD6727100132C60 /* ProgressView.xib */,
				DAC7F3302BD6727F00132C60 /* ProgressView.swift */,
			);
			path = ProgressView;
			sourceTree = "<group>";
		};
		DACC9D5A2BD75B5C005E4678 /* Preview */ = {
			isa = PBXGroup;
			children = (
				DACC9D5B2BD75B75005E4678 /* PreviewTranslateView.swift */,
				DACC9D5D2BD75B84005E4678 /* PreviewTranslateView.xib */,
			);
			path = Preview;
			sourceTree = "<group>";
		};
/* End PBXGroup section */

/* Begin PBXNativeTarget section */
		DA2152692BD051E9003C133F /* ios_translate */ = {
			isa = PBXNativeTarget;
			buildConfigurationList = DA21528F2BD051EA003C133F /* Build configuration list for PBXNativeTarget "ios_translate" */;
			buildPhases = (
				DA2152662BD051E9003C133F /* Sources */,
				DA2152672BD051E9003C133F /* Frameworks */,
				DA2152682BD051E9003C133F /* Resources */,
			);
			buildRules = (
			);
			dependencies = (
			);
			name = ios_translate;
			packageProductDependencies = (
				DA2152992BD0522E003C133F /* SnapKit */,
				DA1597D22BD199CD00E0ABDB /* Then */,
				DA1597E72BD1B6CB00E0ABDB /* SwiftyAttributes */,
				DA7A68F32BD249BA006CE6BF /* CombineExt */,
				DA7A68F82BD24B06006CE6BF /* Lottie */,
				DA7A69212BD26FFA006CE6BF /* Alamofire */,
				DA7A69262BD2705F006CE6BF /* PromiseKit */,
				DA7A692F2BD276B1006CE6BF /* EasyCodable */,
				DA4C3E012BD2E7AD00A12784 /* Realm */,
				DA4C3E032BD2E7AD00A12784 /* RealmSwift */,
				DACC9D642BD783E3005E4678 /* Zip */,
				DA0D073D2BD84D0200A2C4FA /* KeyboardShortcuts */,
			);
			productName = ios_translate;
			productReference = DA21526A2BD051E9003C133F /* ios_translate.app */;
			productType = "com.apple.product-type.application";
		};
		DA21527A2BD051EA003C133F /* ios_translateTests */ = {
			isa = PBXNativeTarget;
			buildConfigurationList = DA2152922BD051EA003C133F /* Build configuration list for PBXNativeTarget "ios_translateTests" */;
			buildPhases = (
				DA2152772BD051EA003C133F /* Sources */,
				DA2152782BD051EA003C133F /* Frameworks */,
				DA2152792BD051EA003C133F /* Resources */,
			);
			buildRules = (
			);
			dependencies = (
				DA21527D2BD051EA003C133F /* PBXTargetDependency */,
			);
			name = ios_translateTests;
			productName = ios_translateTests;
			productReference = DA21527B2BD051EA003C133F /* ios_translateTests.xctest */;
			productType = "com.apple.product-type.bundle.unit-test";
		};
		DA2152842BD051EA003C133F /* ios_translateUITests */ = {
			isa = PBXNativeTarget;
			buildConfigurationList = DA2152952BD051EA003C133F /* Build configuration list for PBXNativeTarget "ios_translateUITests" */;
			buildPhases = (
				DA2152812BD051EA003C133F /* Sources */,
				DA2152822BD051EA003C133F /* Frameworks */,
				DA2152832BD051EA003C133F /* Resources */,
			);
			buildRules = (
			);
			dependencies = (
				DA2152872BD051EA003C133F /* PBXTargetDependency */,
			);
			name = ios_translateUITests;
			productName = ios_translateUITests;
			productReference = DA2152852BD051EA003C133F /* ios_translateUITests.xctest */;
			productType = "com.apple.product-type.bundle.ui-testing";
		};
/* End PBXNativeTarget section */

/* Begin PBXProject section */
		DA2152622BD051E9003C133F /* Project object */ = {
			isa = PBXProject;
			attributes = {
				BuildIndependentTargetsInParallel = 1;
				LastSwiftUpdateCheck = 1530;
				LastUpgradeCheck = 1530;
				TargetAttributes = {
					DA2152692BD051E9003C133F = {
						CreatedOnToolsVersion = 15.3;
					};
					DA21527A2BD051EA003C133F = {
						CreatedOnToolsVersion = 15.3;
						TestTargetID = DA2152692BD051E9003C133F;
					};
					DA2152842BD051EA003C133F = {
						CreatedOnToolsVersion = 15.3;
						TestTargetID = DA2152692BD051E9003C133F;
					};
				};
			};
			buildConfigurationList = DA2152652BD051E9003C133F /* Build configuration list for PBXProject "ios_translate" */;
			compatibilityVersion = "Xcode 14.0";
			developmentRegion = en;
			hasScannedForEncodings = 0;
			knownRegions = (
				en,
				Base,
			);
			mainGroup = DA2152612BD051E9003C133F;
			packageReferences = (
				DA2152982BD0522E003C133F /* XCRemoteSwiftPackageReference "SnapKit" */,
				DA1597D12BD199CD00E0ABDB /* XCRemoteSwiftPackageReference "Then" */,
				DA1597E62BD1B6CA00E0ABDB /* XCRemoteSwiftPackageReference "SwiftyAttributes" */,
				DA7A68F22BD249BA006CE6BF /* XCRemoteSwiftPackageReference "CombineExt" */,
				DA7A68F72BD24B06006CE6BF /* XCRemoteSwiftPackageReference "lottie-ios" */,
				DA7A69202BD26FFA006CE6BF /* XCRemoteSwiftPackageReference "Alamofire" */,
				DA7A69252BD2705F006CE6BF /* XCRemoteSwiftPackageReference "PromiseKit" */,
				DA7A692E2BD276B1006CE6BF /* XCRemoteSwiftPackageReference "EasyCodable" */,
				DA4C3E002BD2E7AD00A12784 /* XCRemoteSwiftPackageReference "realm-swift" */,
				DACC9D632BD783E3005E4678 /* XCRemoteSwiftPackageReference "Zip" */,
				DA0D073C2BD84D0200A2C4FA /* XCRemoteSwiftPackageReference "KeyboardShortcuts" */,
			);
			productRefGroup = DA21526B2BD051E9003C133F /* Products */;
			projectDirPath = "";
			projectRoot = "";
			targets = (
				DA2152692BD051E9003C133F /* ios_translate */,
				DA21527A2BD051EA003C133F /* ios_translateTests */,
				DA2152842BD051EA003C133F /* ios_translateUITests */,
			);
		};
/* End PBXProject section */

/* Begin PBXResourcesBuildPhase section */
		DA2152682BD051E9003C133F /* Resources */ = {
			isa = PBXResourcesBuildPhase;
			buildActionMask = 2147483647;
			files = (
				DA7A69032BD24E82006CE6BF /* anim_spinner.json in Resources */,
				DA2152722BD051EA003C133F /* Assets.xcassets in Resources */,
				DABFE5802BD6B1C300A878B4 /* EditLanguageItemView.xib in Resources */,
				DABFE58A2BD6E85D00A878B4 /* AddViewKeyView.xib in Resources */,
				DA0D07392BD8410E00A2C4FA /* SetPreferredLanguageView.xib in Resources */,
				DACC9D5E2BD75B84005E4678 /* PreviewTranslateView.xib in Resources */,
				DA1597CB2BD1966100E0ABDB /* TranslateView.xib in Resources */,
				DA1597E12BD1AA1500E0ABDB /* LoginView.xib in Resources */,
				DA7A69192BD269BF006CE6BF /* MainTranslateListLanguageView.xib in Resources */,
				DAC7F32F2BD6727100132C60 /* ProgressView.xib in Resources */,
				DA1597D72BD19AAE00E0ABDB /* TranslateActionCell.xib in Resources */,
				DA7A690D2BD25844006CE6BF /* MainTranslateView.xib in Resources */,
				DA21529D2BD0536E003C133F /* LanguageItemCell.xib in Resources */,
				DA2152752BD051EA003C133F /* Base in Resources */,
				DA7A691B2BD26A1B006CE6BF /* MainTranslateListLanguageCell.xib in Resources */,
			);
			runOnlyForDeploymentPostprocessing = 0;
		};
		DA2152792BD051EA003C133F /* Resources */ = {
			isa = PBXResourcesBuildPhase;
			buildActionMask = 2147483647;
			files = (
			);
			runOnlyForDeploymentPostprocessing = 0;
		};
		DA2152832BD051EA003C133F /* Resources */ = {
			isa = PBXResourcesBuildPhase;
			buildActionMask = 2147483647;
			files = (
			);
			runOnlyForDeploymentPostprocessing = 0;
		};
/* End PBXResourcesBuildPhase section */

/* Begin PBXSourcesBuildPhase section */
		DA2152662BD051E9003C133F /* Sources */ = {
			isa = PBXSourcesBuildPhase;
			buildActionMask = 2147483647;
			files = (
				DABFE5882BD6E85700A878B4 /* AddViewKeyView.swift in Sources */,
				DAC7F32A2BD600CC00132C60 /* AddMoreLanguageButton.swift in Sources */,
				DA7A691D2BD26A20006CE6BF /* MainTranslateListLanguageCell.swift in Sources */,
				DA1597D92BD19AB800E0ABDB /* TranslateActionCell.swift in Sources */,
				DABFE58F2BD6EDA100A878B4 /* TranslateAPIRouter.swift in Sources */,
				DA7A690F2BD25ABB006CE6BF /* NSViewController+Ext.swift in Sources */,
				DA7A692B2BD270A7006CE6BF /* AuthAPIRouter.swift in Sources */,
				DA7A69082BD2520D006CE6BF /* Combine+Ext.swift in Sources */,
				DACC9D672BD79DBB005E4678 /* ImportUtils.swift in Sources */,
				DABFE5912BD6EF1500A878B4 /* Array+Ext.swift in Sources */,
				DA1597DC2BD19C9C00E0ABDB /* NSTableView+Ext.swift in Sources */,
				DA2152702BD051E9003C133F /* ViewController.swift in Sources */,
				DA1597CD2BD1966A00E0ABDB /* TranslateView.swift in Sources */,
				DA7A69372BD27FA3006CE6BF /* AppDataManager.swift in Sources */,
				DA0D073B2BD843B100A2C4FA /* TrackingSizeNSView.swift in Sources */,
				DA7A69242BD27002006CE6BF /* APIRouter.swift in Sources */,
				DA7A691F2BD26BCA006CE6BF /* NSView+Ext.swift in Sources */,
				DA43201F2BD3656900CF3917 /* Translation.swift in Sources */,
				DA7A68F12BD22A5B006CE6BF /* BaseSpinIndicator.swift in Sources */,
				DABFE57E2BD6AFD800A878B4 /* EditLanguageItemView.swift in Sources */,
				DA0D07372BD8410700A2C4FA /* SetPreferredLanguageView.swift in Sources */,
				DABFE58D2BD6EA9D00A878B4 /* Utils.swift in Sources */,
				DACC9D622BD775A3005E4678 /* ExportUtils.swift in Sources */,
				DAEDA0982BD5973100CB576D /* NSAttributed+Ext.swift in Sources */,
				DA7A69142BD26910006CE6BF /* Language.swift in Sources */,
				DA7A68F62BD24A7C006CE6BF /* NSProgressView+Ext.swift in Sources */,
				DA1597E52BD1B3F600E0ABDB /* BaseButton.swift in Sources */,
				DACC9D602BD75BBC005E4678 /* PopupHelper.swift in Sources */,
				DA4610792BD59F4200FBC80E /* String+Ext.swift in Sources */,
				DAC7F32C2BD668C900132C60 /* PopupProgressWindow.swift in Sources */,
				DA7A690B2BD25831006CE6BF /* MainTranslateView.swift in Sources */,
				DA1597D02BD196A000E0ABDB /* BaseView.swift in Sources */,
				DA7A69172BD269A7006CE6BF /* MainTranslateListLanguageView.swift in Sources */,
				DA21526E2BD051E9003C133F /* AppDelegate.swift in Sources */,
				DABFE5832BD6B2DD00A878B4 /* Popupable.swift in Sources */,
				DA7A692D2BD275B7006CE6BF /* User.swift in Sources */,
				DA7A69342BD2791E006CE6BF /* UserApplication.swift in Sources */,
				DA7A69322BD27713006CE6BF /* UserDefault+Ext.swift in Sources */,
				DA7A69292BD27083006CE6BF /* BaseError.swift in Sources */,
				DABFE5852BD6B2EC00A878B4 /* AlphaBackgroundButton.swift in Sources */,
				DACC9D5C2BD75B75005E4678 /* PreviewTranslateView.swift in Sources */,
				DACC9D692BD7A147005E4678 /* StringCatalogModel.swift in Sources */,
				DA1597E32BD1AA1B00E0ABDB /* LoginView.swift in Sources */,
				DA21529F2BD05377003C133F /* LanguageItemCell.swift in Sources */,
				DAC7F3312BD6727F00132C60 /* ProgressView.swift in Sources */,
			);
			runOnlyForDeploymentPostprocessing = 0;
		};
		DA2152772BD051EA003C133F /* Sources */ = {
			isa = PBXSourcesBuildPhase;
			buildActionMask = 2147483647;
			files = (
				DA2152802BD051EA003C133F /* ios_translateTests.swift in Sources */,
			);
			runOnlyForDeploymentPostprocessing = 0;
		};
		DA2152812BD051EA003C133F /* Sources */ = {
			isa = PBXSourcesBuildPhase;
			buildActionMask = 2147483647;
			files = (
				DA21528A2BD051EA003C133F /* ios_translateUITests.swift in Sources */,
				DA21528C2BD051EA003C133F /* ios_translateUITestsLaunchTests.swift in Sources */,
			);
			runOnlyForDeploymentPostprocessing = 0;
		};
/* End PBXSourcesBuildPhase section */

/* Begin PBXTargetDependency section */
		DA21527D2BD051EA003C133F /* PBXTargetDependency */ = {
			isa = PBXTargetDependency;
			target = DA2152692BD051E9003C133F /* ios_translate */;
			targetProxy = DA21527C2BD051EA003C133F /* PBXContainerItemProxy */;
		};
		DA2152872BD051EA003C133F /* PBXTargetDependency */ = {
			isa = PBXTargetDependency;
			target = DA2152692BD051E9003C133F /* ios_translate */;
			targetProxy = DA2152862BD051EA003C133F /* PBXContainerItemProxy */;
		};
/* End PBXTargetDependency section */

/* Begin PBXVariantGroup section */
		DA2152732BD051EA003C133F /* Main.storyboard */ = {
			isa = PBXVariantGroup;
			children = (
				DA2152742BD051EA003C133F /* Base */,
			);
			name = Main.storyboard;
			sourceTree = "<group>";
		};
/* End PBXVariantGroup section */

/* Begin XCBuildConfiguration section */
		DA21528D2BD051EA003C133F /* Debug */ = {
			isa = XCBuildConfiguration;
			buildSettings = {
				ALWAYS_SEARCH_USER_PATHS = NO;
				ASSETCATALOG_COMPILER_GENERATE_SWIFT_ASSET_SYMBOL_EXTENSIONS = YES;
				CLANG_ANALYZER_NONNULL = YES;
				CLANG_ANALYZER_NUMBER_OBJECT_CONVERSION = YES_AGGRESSIVE;
				CLANG_CXX_LANGUAGE_STANDARD = "gnu++20";
				CLANG_ENABLE_MODULES = YES;
				CLANG_ENABLE_OBJC_ARC = YES;
				CLANG_ENABLE_OBJC_WEAK = YES;
				CLANG_WARN_BLOCK_CAPTURE_AUTORELEASING = YES;
				CLANG_WARN_BOOL_CONVERSION = YES;
				CLANG_WARN_COMMA = YES;
				CLANG_WARN_CONSTANT_CONVERSION = YES;
				CLANG_WARN_DEPRECATED_OBJC_IMPLEMENTATIONS = YES;
				CLANG_WARN_DIRECT_OBJC_ISA_USAGE = YES_ERROR;
				CLANG_WARN_DOCUMENTATION_COMMENTS = YES;
				CLANG_WARN_EMPTY_BODY = YES;
				CLANG_WARN_ENUM_CONVERSION = YES;
				CLANG_WARN_INFINITE_RECURSION = YES;
				CLANG_WARN_INT_CONVERSION = YES;
				CLANG_WARN_NON_LITERAL_NULL_CONVERSION = YES;
				CLANG_WARN_OBJC_IMPLICIT_RETAIN_SELF = YES;
				CLANG_WARN_OBJC_LITERAL_CONVERSION = YES;
				CLANG_WARN_OBJC_ROOT_CLASS = YES_ERROR;
				CLANG_WARN_QUOTED_INCLUDE_IN_FRAMEWORK_HEADER = YES;
				CLANG_WARN_RANGE_LOOP_ANALYSIS = YES;
				CLANG_WARN_STRICT_PROTOTYPES = YES;
				CLANG_WARN_SUSPICIOUS_MOVE = YES;
				CLANG_WARN_UNGUARDED_AVAILABILITY = YES_AGGRESSIVE;
				CLANG_WARN_UNREACHABLE_CODE = YES;
				CLANG_WARN__DUPLICATE_METHOD_MATCH = YES;
				COPY_PHASE_STRIP = NO;
				DEBUG_INFORMATION_FORMAT = dwarf;
				ENABLE_STRICT_OBJC_MSGSEND = YES;
				ENABLE_TESTABILITY = YES;
				ENABLE_USER_SCRIPT_SANDBOXING = YES;
				GCC_C_LANGUAGE_STANDARD = gnu17;
				GCC_DYNAMIC_NO_PIC = NO;
				GCC_NO_COMMON_BLOCKS = YES;
				GCC_OPTIMIZATION_LEVEL = 0;
				GCC_PREPROCESSOR_DEFINITIONS = (
					"DEBUG=1",
					"$(inherited)",
				);
				GCC_WARN_64_TO_32_BIT_CONVERSION = YES;
				GCC_WARN_ABOUT_RETURN_TYPE = YES_ERROR;
				GCC_WARN_UNDECLARED_SELECTOR = YES;
				GCC_WARN_UNINITIALIZED_AUTOS = YES_AGGRESSIVE;
				GCC_WARN_UNUSED_FUNCTION = YES;
				GCC_WARN_UNUSED_VARIABLE = YES;
				LOCALIZATION_PREFERS_STRING_CATALOGS = YES;
				MACOSX_DEPLOYMENT_TARGET = 14.0;
				MTL_ENABLE_DEBUG_INFO = INCLUDE_SOURCE;
				MTL_FAST_MATH = YES;
				ONLY_ACTIVE_ARCH = YES;
				SDKROOT = macosx;
				SWIFT_ACTIVE_COMPILATION_CONDITIONS = "DEBUG $(inherited)";
				SWIFT_OPTIMIZATION_LEVEL = "-Onone";
			};
			name = Debug;
		};
		DA21528E2BD051EA003C133F /* Release */ = {
			isa = XCBuildConfiguration;
			buildSettings = {
				ALWAYS_SEARCH_USER_PATHS = NO;
				ASSETCATALOG_COMPILER_GENERATE_SWIFT_ASSET_SYMBOL_EXTENSIONS = YES;
				CLANG_ANALYZER_NONNULL = YES;
				CLANG_ANALYZER_NUMBER_OBJECT_CONVERSION = YES_AGGRESSIVE;
				CLANG_CXX_LANGUAGE_STANDARD = "gnu++20";
				CLANG_ENABLE_MODULES = YES;
				CLANG_ENABLE_OBJC_ARC = YES;
				CLANG_ENABLE_OBJC_WEAK = YES;
				CLANG_WARN_BLOCK_CAPTURE_AUTORELEASING = YES;
				CLANG_WARN_BOOL_CONVERSION = YES;
				CLANG_WARN_COMMA = YES;
				CLANG_WARN_CONSTANT_CONVERSION = YES;
				CLANG_WARN_DEPRECATED_OBJC_IMPLEMENTATIONS = YES;
				CLANG_WARN_DIRECT_OBJC_ISA_USAGE = YES_ERROR;
				CLANG_WARN_DOCUMENTATION_COMMENTS = YES;
				CLANG_WARN_EMPTY_BODY = YES;
				CLANG_WARN_ENUM_CONVERSION = YES;
				CLANG_WARN_INFINITE_RECURSION = YES;
				CLANG_WARN_INT_CONVERSION = YES;
				CLANG_WARN_NON_LITERAL_NULL_CONVERSION = YES;
				CLANG_WARN_OBJC_IMPLICIT_RETAIN_SELF = YES;
				CLANG_WARN_OBJC_LITERAL_CONVERSION = YES;
				CLANG_WARN_OBJC_ROOT_CLASS = YES_ERROR;
				CLANG_WARN_QUOTED_INCLUDE_IN_FRAMEWORK_HEADER = YES;
				CLANG_WARN_RANGE_LOOP_ANALYSIS = YES;
				CLANG_WARN_STRICT_PROTOTYPES = YES;
				CLANG_WARN_SUSPICIOUS_MOVE = YES;
				CLANG_WARN_UNGUARDED_AVAILABILITY = YES_AGGRESSIVE;
				CLANG_WARN_UNREACHABLE_CODE = YES;
				CLANG_WARN__DUPLICATE_METHOD_MATCH = YES;
				COPY_PHASE_STRIP = NO;
				DEBUG_INFORMATION_FORMAT = "dwarf-with-dsym";
				ENABLE_NS_ASSERTIONS = NO;
				ENABLE_STRICT_OBJC_MSGSEND = YES;
				ENABLE_USER_SCRIPT_SANDBOXING = YES;
				GCC_C_LANGUAGE_STANDARD = gnu17;
				GCC_NO_COMMON_BLOCKS = YES;
				GCC_WARN_64_TO_32_BIT_CONVERSION = YES;
				GCC_WARN_ABOUT_RETURN_TYPE = YES_ERROR;
				GCC_WARN_UNDECLARED_SELECTOR = YES;
				GCC_WARN_UNINITIALIZED_AUTOS = YES_AGGRESSIVE;
				GCC_WARN_UNUSED_FUNCTION = YES;
				GCC_WARN_UNUSED_VARIABLE = YES;
				LOCALIZATION_PREFERS_STRING_CATALOGS = YES;
				MACOSX_DEPLOYMENT_TARGET = 14.0;
				MTL_ENABLE_DEBUG_INFO = NO;
				MTL_FAST_MATH = YES;
				SDKROOT = macosx;
				SWIFT_COMPILATION_MODE = wholemodule;
			};
			name = Release;
		};
		DA2152902BD051EA003C133F /* Debug */ = {
			isa = XCBuildConfiguration;
			buildSettings = {
				ASSETCATALOG_COMPILER_APPICON_NAME = AppIcon;
				ASSETCATALOG_COMPILER_GLOBAL_ACCENT_COLOR_NAME = AccentColor;
				CODE_SIGN_ENTITLEMENTS = ios_translate/ios_translate.entitlements;
				CODE_SIGN_STYLE = Automatic;
				COMBINE_HIDPI_IMAGES = YES;
				CURRENT_PROJECT_VERSION = 1;
				DEVELOPMENT_TEAM = 5J3U89Q793;
				ENABLE_HARDENED_RUNTIME = YES;
				GENERATE_INFOPLIST_FILE = YES;
				INFOPLIST_KEY_CFBundleDisplayName = "iOS Translate v1.0.2";
				INFOPLIST_KEY_NSHumanReadableCopyright = "";
				INFOPLIST_KEY_NSMainStoryboardFile = Main;
				INFOPLIST_KEY_NSPrincipalClass = NSApplication;
				LD_RUNPATH_SEARCH_PATHS = (
					"$(inherited)",
					"@executable_path/../Frameworks",
				);
				MACOSX_DEPLOYMENT_TARGET = 14.0;
				MARKETING_VERSION = 1.0.2;
				PRODUCT_BUNDLE_IDENTIFIER = "com.zoro4rk.ios-translate";
				PRODUCT_NAME = "$(TARGET_NAME)";
				SWIFT_EMIT_LOC_STRINGS = YES;
				SWIFT_VERSION = 5.0;
			};
			name = Debug;
		};
		DA2152912BD051EA003C133F /* Release */ = {
			isa = XCBuildConfiguration;
			buildSettings = {
				ASSETCATALOG_COMPILER_APPICON_NAME = AppIcon;
				ASSETCATALOG_COMPILER_GLOBAL_ACCENT_COLOR_NAME = AccentColor;
				CODE_SIGN_ENTITLEMENTS = ios_translate/ios_translate.entitlements;
				CODE_SIGN_STYLE = Automatic;
				COMBINE_HIDPI_IMAGES = YES;
				CURRENT_PROJECT_VERSION = 1;
				DEVELOPMENT_TEAM = 5J3U89Q793;
				ENABLE_HARDENED_RUNTIME = YES;
				GENERATE_INFOPLIST_FILE = YES;
				INFOPLIST_KEY_CFBundleDisplayName = "iOS Translate v1.0.2";
				INFOPLIST_KEY_NSHumanReadableCopyright = "";
				INFOPLIST_KEY_NSMainStoryboardFile = Main;
				INFOPLIST_KEY_NSPrincipalClass = NSApplication;
				LD_RUNPATH_SEARCH_PATHS = (
					"$(inherited)",
					"@executable_path/../Frameworks",
				);
				MACOSX_DEPLOYMENT_TARGET = 14.0;
				MARKETING_VERSION = 1.0.2;
				PRODUCT_BUNDLE_IDENTIFIER = "com.zoro4rk.ios-translate";
				PRODUCT_NAME = "$(TARGET_NAME)";
				SWIFT_EMIT_LOC_STRINGS = YES;
				SWIFT_VERSION = 5.0;
			};
			name = Release;
		};
		DA2152932BD051EA003C133F /* Debug */ = {
			isa = XCBuildConfiguration;
			buildSettings = {
				ALWAYS_EMBED_SWIFT_STANDARD_LIBRARIES = YES;
				BUNDLE_LOADER = "$(TEST_HOST)";
				CODE_SIGN_STYLE = Automatic;
				CURRENT_PROJECT_VERSION = 1;
				DEVELOPMENT_TEAM = 5J3U89Q793;
				GENERATE_INFOPLIST_FILE = YES;
				MACOSX_DEPLOYMENT_TARGET = 14.4;
				MARKETING_VERSION = 1.0;
				PRODUCT_BUNDLE_IDENTIFIER = "com.zoro4rk.ios-translateTests";
				PRODUCT_NAME = "$(TARGET_NAME)";
				SWIFT_EMIT_LOC_STRINGS = NO;
				SWIFT_VERSION = 5.0;
				TEST_HOST = "$(BUILT_PRODUCTS_DIR)/ios_translate.app/$(BUNDLE_EXECUTABLE_FOLDER_PATH)/ios_translate";
			};
			name = Debug;
		};
		DA2152942BD051EA003C133F /* Release */ = {
			isa = XCBuildConfiguration;
			buildSettings = {
				ALWAYS_EMBED_SWIFT_STANDARD_LIBRARIES = YES;
				BUNDLE_LOADER = "$(TEST_HOST)";
				CODE_SIGN_STYLE = Automatic;
				CURRENT_PROJECT_VERSION = 1;
				DEVELOPMENT_TEAM = 5J3U89Q793;
				GENERATE_INFOPLIST_FILE = YES;
				MACOSX_DEPLOYMENT_TARGET = 14.4;
				MARKETING_VERSION = 1.0;
				PRODUCT_BUNDLE_IDENTIFIER = "com.zoro4rk.ios-translateTests";
				PRODUCT_NAME = "$(TARGET_NAME)";
				SWIFT_EMIT_LOC_STRINGS = NO;
				SWIFT_VERSION = 5.0;
				TEST_HOST = "$(BUILT_PRODUCTS_DIR)/ios_translate.app/$(BUNDLE_EXECUTABLE_FOLDER_PATH)/ios_translate";
			};
			name = Release;
		};
		DA2152962BD051EA003C133F /* Debug */ = {
			isa = XCBuildConfiguration;
			buildSettings = {
				ALWAYS_EMBED_SWIFT_STANDARD_LIBRARIES = YES;
				CODE_SIGN_STYLE = Automatic;
				CURRENT_PROJECT_VERSION = 1;
				DEVELOPMENT_TEAM = 5J3U89Q793;
				GENERATE_INFOPLIST_FILE = YES;
				MARKETING_VERSION = 1.0;
				PRODUCT_BUNDLE_IDENTIFIER = "com.zoro4rk.ios-translateUITests";
				PRODUCT_NAME = "$(TARGET_NAME)";
				SWIFT_EMIT_LOC_STRINGS = NO;
				SWIFT_VERSION = 5.0;
				TEST_TARGET_NAME = ios_translate;
			};
			name = Debug;
		};
		DA2152972BD051EA003C133F /* Release */ = {
			isa = XCBuildConfiguration;
			buildSettings = {
				ALWAYS_EMBED_SWIFT_STANDARD_LIBRARIES = YES;
				CODE_SIGN_STYLE = Automatic;
				CURRENT_PROJECT_VERSION = 1;
				DEVELOPMENT_TEAM = 5J3U89Q793;
				GENERATE_INFOPLIST_FILE = YES;
				MARKETING_VERSION = 1.0;
				PRODUCT_BUNDLE_IDENTIFIER = "com.zoro4rk.ios-translateUITests";
				PRODUCT_NAME = "$(TARGET_NAME)";
				SWIFT_EMIT_LOC_STRINGS = NO;
				SWIFT_VERSION = 5.0;
				TEST_TARGET_NAME = ios_translate;
			};
			name = Release;
		};
/* End XCBuildConfiguration section */

/* Begin XCConfigurationList section */
		DA2152652BD051E9003C133F /* Build configuration list for PBXProject "ios_translate" */ = {
			isa = XCConfigurationList;
			buildConfigurations = (
				DA21528D2BD051EA003C133F /* Debug */,
				DA21528E2BD051EA003C133F /* Release */,
			);
			defaultConfigurationIsVisible = 0;
			defaultConfigurationName = Release;
		};
		DA21528F2BD051EA003C133F /* Build configuration list for PBXNativeTarget "ios_translate" */ = {
			isa = XCConfigurationList;
			buildConfigurations = (
				DA2152902BD051EA003C133F /* Debug */,
				DA2152912BD051EA003C133F /* Release */,
			);
			defaultConfigurationIsVisible = 0;
			defaultConfigurationName = Release;
		};
		DA2152922BD051EA003C133F /* Build configuration list for PBXNativeTarget "ios_translateTests" */ = {
			isa = XCConfigurationList;
			buildConfigurations = (
				DA2152932BD051EA003C133F /* Debug */,
				DA2152942BD051EA003C133F /* Release */,
			);
			defaultConfigurationIsVisible = 0;
			defaultConfigurationName = Release;
		};
		DA2152952BD051EA003C133F /* Build configuration list for PBXNativeTarget "ios_translateUITests" */ = {
			isa = XCConfigurationList;
			buildConfigurations = (
				DA2152962BD051EA003C133F /* Debug */,
				DA2152972BD051EA003C133F /* Release */,
			);
			defaultConfigurationIsVisible = 0;
			defaultConfigurationName = Release;
		};
/* End XCConfigurationList section */

/* Begin XCRemoteSwiftPackageReference section */
		DA0D073C2BD84D0200A2C4FA /* XCRemoteSwiftPackageReference "KeyboardShortcuts" */ = {
			isa = XCRemoteSwiftPackageReference;
			repositoryURL = "https://github.com/sindresorhus/KeyboardShortcuts";
			requirement = {
				kind = upToNextMajorVersion;
				minimumVersion = 2.0.0;
			};
		};
		DA1597D12BD199CD00E0ABDB /* XCRemoteSwiftPackageReference "Then" */ = {
			isa = XCRemoteSwiftPackageReference;
			repositoryURL = "https://github.com/devxoul/Then";
			requirement = {
				kind = upToNextMajorVersion;
				minimumVersion = 3.0.0;
			};
		};
		DA1597E62BD1B6CA00E0ABDB /* XCRemoteSwiftPackageReference "SwiftyAttributes" */ = {
			isa = XCRemoteSwiftPackageReference;
			repositoryURL = "https://github.com/eddiekaiger/SwiftyAttributes";
			requirement = {
				branch = master;
				kind = branch;
			};
		};
		DA2152982BD0522E003C133F /* XCRemoteSwiftPackageReference "SnapKit" */ = {
			isa = XCRemoteSwiftPackageReference;
			repositoryURL = "https://github.com/SnapKit/SnapKit";
			requirement = {
				kind = upToNextMajorVersion;
				minimumVersion = 5.7.1;
			};
		};
		DA4C3E002BD2E7AD00A12784 /* XCRemoteSwiftPackageReference "realm-swift" */ = {
			isa = XCRemoteSwiftPackageReference;
			repositoryURL = "https://github.com/realm/realm-swift";
			requirement = {
				branch = master;
				kind = branch;
			};
		};
		DA7A68F22BD249BA006CE6BF /* XCRemoteSwiftPackageReference "CombineExt" */ = {
			isa = XCRemoteSwiftPackageReference;
			repositoryURL = "https://github.com/CombineCommunity/CombineExt";
			requirement = {
				kind = upToNextMajorVersion;
				minimumVersion = 1.8.1;
			};
		};
		DA7A68F72BD24B06006CE6BF /* XCRemoteSwiftPackageReference "lottie-ios" */ = {
			isa = XCRemoteSwiftPackageReference;
			repositoryURL = "https://github.com/airbnb/lottie-ios";
			requirement = {
				kind = upToNextMajorVersion;
				minimumVersion = 4.4.3;
			};
		};
		DA7A69202BD26FFA006CE6BF /* XCRemoteSwiftPackageReference "Alamofire" */ = {
			isa = XCRemoteSwiftPackageReference;
			repositoryURL = "https://github.com/Alamofire/Alamofire";
			requirement = {
				kind = upToNextMajorVersion;
				minimumVersion = 5.9.1;
			};
		};
		DA7A69252BD2705F006CE6BF /* XCRemoteSwiftPackageReference "PromiseKit" */ = {
			isa = XCRemoteSwiftPackageReference;
			repositoryURL = "https://github.com/mxcl/PromiseKit";
			requirement = {
				kind = upToNextMajorVersion;
				minimumVersion = 8.1.1;
			};
		};
		DA7A692E2BD276B1006CE6BF /* XCRemoteSwiftPackageReference "EasyCodable" */ = {
			isa = XCRemoteSwiftPackageReference;
			repositoryURL = "https://github.com/thuyetngocluong/EasyCodable";
			requirement = {
				kind = upToNextMajorVersion;
				minimumVersion = 1.2.0;
			};
		};
		DACC9D632BD783E3005E4678 /* XCRemoteSwiftPackageReference "Zip" */ = {
			isa = XCRemoteSwiftPackageReference;
			repositoryURL = "https://github.com/marmelroy/Zip";
			requirement = {
				kind = upToNextMajorVersion;
				minimumVersion = 2.1.2;
			};
		};
/* End XCRemoteSwiftPackageReference section */

/* Begin XCSwiftPackageProductDependency section */
		DA0D073D2BD84D0200A2C4FA /* KeyboardShortcuts */ = {
			isa = XCSwiftPackageProductDependency;
			package = DA0D073C2BD84D0200A2C4FA /* XCRemoteSwiftPackageReference "KeyboardShortcuts" */;
			productName = KeyboardShortcuts;
		};
		DA1597D22BD199CD00E0ABDB /* Then */ = {
			isa = XCSwiftPackageProductDependency;
			package = DA1597D12BD199CD00E0ABDB /* XCRemoteSwiftPackageReference "Then" */;
			productName = Then;
		};
		DA1597E72BD1B6CB00E0ABDB /* SwiftyAttributes */ = {
			isa = XCSwiftPackageProductDependency;
			package = DA1597E62BD1B6CA00E0ABDB /* XCRemoteSwiftPackageReference "SwiftyAttributes" */;
			productName = SwiftyAttributes;
		};
		DA2152992BD0522E003C133F /* SnapKit */ = {
			isa = XCSwiftPackageProductDependency;
			package = DA2152982BD0522E003C133F /* XCRemoteSwiftPackageReference "SnapKit" */;
			productName = SnapKit;
		};
		DA4C3E012BD2E7AD00A12784 /* Realm */ = {
			isa = XCSwiftPackageProductDependency;
			package = DA4C3E002BD2E7AD00A12784 /* XCRemoteSwiftPackageReference "realm-swift" */;
			productName = Realm;
		};
		DA4C3E032BD2E7AD00A12784 /* RealmSwift */ = {
			isa = XCSwiftPackageProductDependency;
			package = DA4C3E002BD2E7AD00A12784 /* XCRemoteSwiftPackageReference "realm-swift" */;
			productName = RealmSwift;
		};
		DA7A68F32BD249BA006CE6BF /* CombineExt */ = {
			isa = XCSwiftPackageProductDependency;
			package = DA7A68F22BD249BA006CE6BF /* XCRemoteSwiftPackageReference "CombineExt" */;
			productName = CombineExt;
		};
		DA7A68F82BD24B06006CE6BF /* Lottie */ = {
			isa = XCSwiftPackageProductDependency;
			package = DA7A68F72BD24B06006CE6BF /* XCRemoteSwiftPackageReference "lottie-ios" */;
			productName = Lottie;
		};
		DA7A69212BD26FFA006CE6BF /* Alamofire */ = {
			isa = XCSwiftPackageProductDependency;
			package = DA7A69202BD26FFA006CE6BF /* XCRemoteSwiftPackageReference "Alamofire" */;
			productName = Alamofire;
		};
		DA7A69262BD2705F006CE6BF /* PromiseKit */ = {
			isa = XCSwiftPackageProductDependency;
			package = DA7A69252BD2705F006CE6BF /* XCRemoteSwiftPackageReference "PromiseKit" */;
			productName = PromiseKit;
		};
		DA7A692F2BD276B1006CE6BF /* EasyCodable */ = {
			isa = XCSwiftPackageProductDependency;
			package = DA7A692E2BD276B1006CE6BF /* XCRemoteSwiftPackageReference "EasyCodable" */;
			productName = EasyCodable;
		};
		DACC9D642BD783E3005E4678 /* Zip */ = {
			isa = XCSwiftPackageProductDependency;
			package = DACC9D632BD783E3005E4678 /* XCRemoteSwiftPackageReference "Zip" */;
			productName = Zip;
		};
/* End XCSwiftPackageProductDependency section */
	};
	rootObject = DA2152622BD051E9003C133F /* Project object */;
}
